
Microsoft Visual Studio Solution File, Format Version 12.00
# Visual Studio for Mac
Project("{FAE04EC0-301F-11D3-BF4B-00C04F79EFBC}") = "Assembly-CSharp", "Assembly-CSharp.csproj", "{D2282D55-B123-FB38-33D8-A2AD4850CB83}"
EndProject
Project("{FAE04EC0-301F-11D3-BF4B-00C04F79EFBC}") = "Assembly-CSharp-firstpass", "Assembly-CSharp-firstpass.csproj", "{EE0E2723-6A87-CC16-E29D-11309992880F}"
EndProject
Project("{FAE04EC0-301F-11D3-BF4B-00C04F79EFBC}") = "Assembly-CSharp-Editor", "Assembly-CSharp-Editor.csproj", "{79D66129-971B-CD36-BDC1-3295CD11884A}"
EndProject
Project("{FAE04EC0-301F-11D3-BF4B-00C04F79EFBC}") = "Assembly-CSharp-Editor-firstpass", "Assembly-CSharp-Editor-firstpass.csproj", "{8D26C7AD-C039-7292-014B-23FB420893CF}"
EndProject
Global
	GlobalSection(SolutionConfigurationPlatforms) = preSolution
		Debug|Any CPU = Debug|Any CPU
		Release|Any CPU = Release|Any CPU
	EndGlobalSection
	GlobalSection(ProjectConfigurationPlatforms) = postSolution
		{D2282D55-B123-FB38-33D8-A2AD4850CB83}.Debug|Any CPU.ActiveCfg = Debug|Any CPU
		{D2282D55-B123-FB38-33D8-A2AD4850CB83}.Debug|Any CPU.Build.0 = Debug|Any CPU
		{D2282D55-B123-FB38-33D8-A2AD4850CB83}.Release|Any CPU.ActiveCfg = Release|Any CPU
		{D2282D55-B123-FB38-33D8-A2AD4850CB83}.Release|Any CPU.Build.0 = Release|Any CPU
		{EE0E2723-6A87-CC16-E29D-11309992880F}.Debug|Any CPU.ActiveCfg = Debug|Any CPU
		{EE0E2723-6A87-CC16-E29D-11309992880F}.Debug|Any CPU.Build.0 = Debug|Any CPU
		{EE0E2723-6A87-CC16-E29D-11309992880F}.Release|Any CPU.ActiveCfg = Release|Any CPU
		{EE0E2723-6A87-CC16-E29D-11309992880F}.Release|Any CPU.Build.0 = Release|Any CPU
		{79D66129-971B-CD36-BDC1-3295CD11884A}.Debug|Any CPU.ActiveCfg = Debug|Any CPU
		{79D66129-971B-CD36-BDC1-3295CD11884A}.Debug|Any CPU.Build.0 = Debug|Any CPU
		{79D66129-971B-CD36-BDC1-3295CD11884A}.Release|Any CPU.ActiveCfg = Release|Any CPU
		{79D66129-971B-CD36-BDC1-3295CD11884A}.Release|Any CPU.Build.0 = Release|Any CPU
		{8D26C7AD-C039-7292-014B-23FB420893CF}.Debug|Any CPU.ActiveCfg = Debug|Any CPU
		{8D26C7AD-C039-7292-014B-23FB420893CF}.Debug|Any CPU.Build.0 = Debug|Any CPU
		{8D26C7AD-C039-7292-014B-23FB420893CF}.Release|Any CPU.ActiveCfg = Release|Any CPU
		{8D26C7AD-C039-7292-014B-23FB420893CF}.Release|Any CPU.Build.0 = Release|Any CPU
	EndGlobalSection
	GlobalSection(SolutionProperties) = preSolution
		HideSolutionNode = FALSE
	EndGlobalSection
EndGlobal
